<Solution>
  <Folder Name="/Common/">
    <Project Path="Common/BuildingBlocks.EventDispatcher/BuildingBlocks.EventDispatcher.csproj" />
    <Project Path="Common/BuildingBlocks.Helper/BuildingBlocks.Helper.csproj" />
  </Folder>
  <Folder Name="/TimeToDo/">
    <Project Path="TimeToDo.Authorization/TimeToDo.Authorization.csproj" />
    <Project Path="TimeToDo.Authentication/TimeToDo.Authentication.csproj" />
    <Project Path="TimeToDo.Domain/TimeToDo.Domain.csproj" />
    <Project Path="TimeToDo.Application/TimeToDo.Application.csproj" />
    <Project Path="TimeToDo.Infrastructure/TimeToDo.Infrastructure.csproj" />
    <Project Path="TimeToDo.Api/TimeToDo.Api.csproj" />
    <Project Path="TimeToDo.Api.Tests/TimeToDo.Api.Tests.csproj" />
    <Project Path="TimeToDo.TestIdP/TimeToDo.TestIdP.csproj" />
  </Folder>
<Folder Name="/_Solution Items/">
    <File Path="Directory.Build.props" />
    <File Path="Directory.Packages.props" />
  </Folder>
</Solution>
